
Microsoft Visual Studio Solution File, Format Version 12.00
# Visual Studio Version 17
VisualStudioVersion = 17.11.35222.181
MinimumVisualStudioVersion = 10.0.40219.1
Project("{FAE04EC0-301F-11D3-BF4B-00C04F79EFBC}") = "StructsApp", "StructsApp.csproj", "{BB10CAE6-5721-429D-8B9A-0C550E02A7AB}"
EndProject
Global
	GlobalSection(SolutionConfigurationPlatforms) = preSolution
		Debug|Any CPU = Debug|Any CPU
		Release|Any CPU = Release|Any CPU
	EndGlobalSection
	GlobalSection(ProjectConfigurationPlatforms) = postSolution
		{BB10CAE6-5721-429D-8B9A-0C550E02A7AB}.Debug|Any CPU.ActiveCfg = Debug|Any CPU
		{BB10CAE6-5721-429D-8B9A-0C550E02A7AB}.Debug|Any CPU.Build.0 = Debug|Any CPU
		{BB10CAE6-5721-429D-8B9A-0C550E02A7AB}.Release|Any CPU.ActiveCfg = Release|Any CPU
		{BB10CAE6-5721-429D-8B9A-0C550E02A7AB}.Release|Any CPU.Build.0 = Release|Any CPU
	EndGlobalSection
	GlobalSection(SolutionProperties) = preSolution
		HideSolutionNode = FALSE
	EndGlobalSection
	GlobalSection(ExtensibilityGlobals) = postSolution
		SolutionGuid = {BB31D558-4A2D-4202-9D79-59ACCC6C2EA1}
	EndGlobalSection
EndGlobal
