
Microsoft Visual Studio Solution File, Format Version 12.00
# Visual Studio Version 17
VisualStudioVersion = 17.11.35222.181
MinimumVisualStudioVersion = 10.0.40219.1
Project("{FAE04EC0-301F-11D3-BF4B-00C04F79EFBC}") = "AdventureGame", "AdventureGame.csproj", "{465DF128-189B-4888-AFBF-78164D8E7AD4}"
EndProject
Global
	GlobalSection(SolutionConfigurationPlatforms) = preSolution
		Debug|Any CPU = Debug|Any CPU
		Release|Any CPU = Release|Any CPU
	EndGlobalSection
	GlobalSection(ProjectConfigurationPlatforms) = postSolution
		{465DF128-189B-4888-AFBF-78164D8E7AD4}.Debug|Any CPU.ActiveCfg = Debug|Any CPU
		{465DF128-189B-4888-AFBF-78164D8E7AD4}.Debug|Any CPU.Build.0 = Debug|Any CPU
		{465DF128-189B-4888-AFBF-78164D8E7AD4}.Release|Any CPU.ActiveCfg = Release|Any CPU
		{465DF128-189B-4888-AFBF-78164D8E7AD4}.Release|Any CPU.Build.0 = Release|Any CPU
	EndGlobalSection
	GlobalSection(SolutionProperties) = preSolution
		HideSolutionNode = FALSE
	EndGlobalSection
	GlobalSection(ExtensibilityGlobals) = postSolution
		SolutionGuid = {021F61A4-5AD2-48C8-83AF-A020643E38C1}
	EndGlobalSection
EndGlobal
