
Microsoft Visual Studio Solution File, Format Version 12.00
# Visual Studio Version 17
VisualStudioVersion = 17.14.36401.2 d17.14
MinimumVisualStudioVersion = 10.0.40219.1
Project("{FAE04EC0-301F-11D3-BF4B-00C04F79EFBC}") = "TaskManagementSystem", "TaskManagementSystem.csproj", "{FBBD3850-C6CB-4E2C-9F60-30759151B767}"
EndProject
Global
	GlobalSection(SolutionConfigurationPlatforms) = preSolution
		Debug|Any CPU = Debug|Any CPU
		Release|Any CPU = Release|Any CPU
	EndGlobalSection
	GlobalSection(ProjectConfigurationPlatforms) = postSolution
		{FBBD3850-C6CB-4E2C-9F60-30759151B767}.Debug|Any CPU.ActiveCfg = Debug|Any CPU
		{FBBD3850-C6CB-4E2C-9F60-30759151B767}.Debug|Any CPU.Build.0 = Debug|Any CPU
		{FBBD3850-C6CB-4E2C-9F60-30759151B767}.Release|Any CPU.ActiveCfg = Release|Any CPU
		{FBBD3850-C6CB-4E2C-9F60-30759151B767}.Release|Any CPU.Build.0 = Release|Any CPU
	EndGlobalSection
	GlobalSection(SolutionProperties) = preSolution
		HideSolutionNode = FALSE
	EndGlobalSection
	GlobalSection(ExtensibilityGlobals) = postSolution
		SolutionGuid = {39D508E4-2479-4E8B-A944-D7A1B3EBD0E2}
	EndGlobalSection
EndGlobal
