
Microsoft Visual Studio Solution File, Format Version 12.00
# Visual Studio Version 17
VisualStudioVersion = 17.11.35222.181
MinimumVisualStudioVersion = 10.0.40219.1
Project("{FAE04EC0-301F-11D3-BF4B-00C04F79EFBC}") = "Conditional-Based Calculator", "Conditional-Based Calculator.csproj", "{689FEF74-92B1-4725-909B-B73BCD0E3E50}"
EndProject
Global
	GlobalSection(SolutionConfigurationPlatforms) = preSolution
		Debug|Any CPU = Debug|Any CPU
		Release|Any CPU = Release|Any CPU
	EndGlobalSection
	GlobalSection(ProjectConfigurationPlatforms) = postSolution
		{689FEF74-92B1-4725-909B-B73BCD0E3E50}.Debug|Any CPU.ActiveCfg = Debug|Any CPU
		{689FEF74-92B1-4725-909B-B73BCD0E3E50}.Debug|Any CPU.Build.0 = Debug|Any CPU
		{689FEF74-92B1-4725-909B-B73BCD0E3E50}.Release|Any CPU.ActiveCfg = Release|Any CPU
		{689FEF74-92B1-4725-909B-B73BCD0E3E50}.Release|Any CPU.Build.0 = Release|Any CPU
	EndGlobalSection
	GlobalSection(SolutionProperties) = preSolution
		HideSolutionNode = FALSE
	EndGlobalSection
	GlobalSection(ExtensibilityGlobals) = postSolution
		SolutionGuid = {74C030D4-7B6D-4E68-8374-41908E1A1B2F}
	EndGlobalSection
EndGlobal
