
Microsoft Visual Studio Solution File, Format Version 12.00
# Visual Studio Version 17
VisualStudioVersion = 17.11.35222.181
MinimumVisualStudioVersion = 10.0.40219.1
Project("{FAE04EC0-301F-11D3-BF4B-00C04F79EFBC}") = "Nullables", "Nullables.csproj", "{6DBB61EE-D6E0-41DF-B3B8-121BDACAB2DE}"
EndProject
Global
	GlobalSection(SolutionConfigurationPlatforms) = preSolution
		Debug|Any CPU = Debug|Any CPU
		Release|Any CPU = Release|Any CPU
	EndGlobalSection
	GlobalSection(ProjectConfigurationPlatforms) = postSolution
		{6DBB61EE-D6E0-41DF-B3B8-121BDACAB2DE}.Debug|Any CPU.ActiveCfg = Debug|Any CPU
		{6DBB61EE-D6E0-41DF-B3B8-121BDACAB2DE}.Debug|Any CPU.Build.0 = Debug|Any CPU
		{6DBB61EE-D6E0-41DF-B3B8-121BDACAB2DE}.Release|Any CPU.ActiveCfg = Release|Any CPU
		{6DBB61EE-D6E0-41DF-B3B8-121BDACAB2DE}.Release|Any CPU.Build.0 = Release|Any CPU
	EndGlobalSection
	GlobalSection(SolutionProperties) = preSolution
		HideSolutionNode = FALSE
	EndGlobalSection
	GlobalSection(ExtensibilityGlobals) = postSolution
		SolutionGuid = {AA62C90E-8952-4CA3-AFB7-4D80F6142C50}
	EndGlobalSection
EndGlobal
