
Microsoft Visual Studio Solution File, Format Version 12.00
# Visual Studio Version 17
VisualStudioVersion = 17.14.36401.2 d17.14
MinimumVisualStudioVersion = 10.0.40219.1
Project("{FAE04EC0-301F-11D3-BF4B-00C04F79EFBC}") = "Thread_StartAndEnd-Completion", "Thread_StartAndEnd-Completion.csproj", "{23D3D82A-FBE7-4C24-A0FB-1CAC53D26EBB}"
EndProject
Global
	GlobalSection(SolutionConfigurationPlatforms) = preSolution
		Debug|Any CPU = Debug|Any CPU
		Release|Any CPU = Release|Any CPU
	EndGlobalSection
	GlobalSection(ProjectConfigurationPlatforms) = postSolution
		{23D3D82A-FBE7-4C24-A0FB-1CAC53D26EBB}.Debug|Any CPU.ActiveCfg = Debug|Any CPU
		{23D3D82A-FBE7-4C24-A0FB-1CAC53D26EBB}.Debug|Any CPU.Build.0 = Debug|Any CPU
		{23D3D82A-FBE7-4C24-A0FB-1CAC53D26EBB}.Release|Any CPU.ActiveCfg = Release|Any CPU
		{23D3D82A-FBE7-4C24-A0FB-1CAC53D26EBB}.Release|Any CPU.Build.0 = Release|Any CPU
	EndGlobalSection
	GlobalSection(SolutionProperties) = preSolution
		HideSolutionNode = FALSE
	EndGlobalSection
	GlobalSection(ExtensibilityGlobals) = postSolution
		SolutionGuid = {04879870-25E5-4E86-B60B-B821D7CBE70A}
	EndGlobalSection
EndGlobal
