
Microsoft Visual Studio Solution File, Format Version 12.00
# Visual Studio Version 17
VisualStudioVersion = 17.14.36401.2 d17.14
MinimumVisualStudioVersion = 10.0.40219.1
Project("{FAE04EC0-301F-11D3-BF4B-00C04F79EFBC}") = "ThreadIsAlive_Joining", "ThreadIsAlive_Joining.csproj", "{A1EC7E8B-C482-44B2-BB05-D40C6BB4F6F2}"
EndProject
Global
	GlobalSection(SolutionConfigurationPlatforms) = preSolution
		Debug|Any CPU = Debug|Any CPU
		Release|Any CPU = Release|Any CPU
	EndGlobalSection
	GlobalSection(ProjectConfigurationPlatforms) = postSolution
		{A1EC7E8B-C482-44B2-BB05-D40C6BB4F6F2}.Debug|Any CPU.ActiveCfg = Debug|Any CPU
		{A1EC7E8B-C482-44B2-BB05-D40C6BB4F6F2}.Debug|Any CPU.Build.0 = Debug|Any CPU
		{A1EC7E8B-C482-44B2-BB05-D40C6BB4F6F2}.Release|Any CPU.ActiveCfg = Release|Any CPU
		{A1EC7E8B-C482-44B2-BB05-D40C6BB4F6F2}.Release|Any CPU.Build.0 = Release|Any CPU
	EndGlobalSection
	GlobalSection(SolutionProperties) = preSolution
		HideSolutionNode = FALSE
	EndGlobalSection
	GlobalSection(ExtensibilityGlobals) = postSolution
		SolutionGuid = {1D9BEF8C-9C66-48D9-987C-934F09A11393}
	EndGlobalSection
EndGlobal
