
Microsoft Visual Studio Solution File, Format Version 12.00
# Visual Studio Version 17
VisualStudioVersion = 17.11.35222.181
MinimumVisualStudioVersion = 10.0.40219.1
Project("{FAE04EC0-301F-11D3-BF4B-00C04F79EFBC}") = "ClassesApp", "ClassesApp.csproj", "{B5FE0982-DE35-4AC4-93C0-2DE6A966C0B0}"
EndProject
Global
	GlobalSection(SolutionConfigurationPlatforms) = preSolution
		Debug|Any CPU = Debug|Any CPU
		Release|Any CPU = Release|Any CPU
	EndGlobalSection
	GlobalSection(ProjectConfigurationPlatforms) = postSolution
		{B5FE0982-DE35-4AC4-93C0-2DE6A966C0B0}.Debug|Any CPU.ActiveCfg = Debug|Any CPU
		{B5FE0982-DE35-4AC4-93C0-2DE6A966C0B0}.Debug|Any CPU.Build.0 = Debug|Any CPU
		{B5FE0982-DE35-4AC4-93C0-2DE6A966C0B0}.Release|Any CPU.ActiveCfg = Release|Any CPU
		{B5FE0982-DE35-4AC4-93C0-2DE6A966C0B0}.Release|Any CPU.Build.0 = Release|Any CPU
	EndGlobalSection
	GlobalSection(SolutionProperties) = preSolution
		HideSolutionNode = FALSE
	EndGlobalSection
	GlobalSection(ExtensibilityGlobals) = postSolution
		SolutionGuid = {605824F1-C971-4873-BD2B-398D3B2DAA3A}
	EndGlobalSection
EndGlobal
