
Microsoft Visual Studio Solution File, Format Version 12.00
# Visual Studio Version 17
VisualStudioVersion = 17.11.35222.181
MinimumVisualStudioVersion = 10.0.40219.1
Project("{FAE04EC0-301F-11D3-BF4B-00C04F79EFBC}") = "LoggerApp", "LoggerApp.csproj", "{9EA39F53-06AB-45C7-A8B3-D25A11007DF7}"
EndProject
Global
	GlobalSection(SolutionConfigurationPlatforms) = preSolution
		Debug|Any CPU = Debug|Any CPU
		Release|Any CPU = Release|Any CPU
	EndGlobalSection
	GlobalSection(ProjectConfigurationPlatforms) = postSolution
		{9EA39F53-06AB-45C7-A8B3-D25A11007DF7}.Debug|Any CPU.ActiveCfg = Debug|Any CPU
		{9EA39F53-06AB-45C7-A8B3-D25A11007DF7}.Debug|Any CPU.Build.0 = Debug|Any CPU
		{9EA39F53-06AB-45C7-A8B3-D25A11007DF7}.Release|Any CPU.ActiveCfg = Release|Any CPU
		{9EA39F53-06AB-45C7-A8B3-D25A11007DF7}.Release|Any CPU.Build.0 = Release|Any CPU
	EndGlobalSection
	GlobalSection(SolutionProperties) = preSolution
		HideSolutionNode = FALSE
	EndGlobalSection
	GlobalSection(ExtensibilityGlobals) = postSolution
		SolutionGuid = {A02558BA-A252-4E76-B284-234C027E0733}
	EndGlobalSection
EndGlobal
