
Microsoft Visual Studio Solution File, Format Version 12.00
# Visual Studio Version 17
VisualStudioVersion = 17.11.35222.181
MinimumVisualStudioVersion = 10.0.40219.1
Project("{FAE04EC0-301F-11D3-BF4B-00C04F79EFBC}") = "QuickIntroGenerics", "QuickIntroGenerics.csproj", "{C214D47A-C0EF-47C7-80D5-C4BE9B0F2DBA}"
EndProject
Global
	GlobalSection(SolutionConfigurationPlatforms) = preSolution
		Debug|Any CPU = Debug|Any CPU
		Release|Any CPU = Release|Any CPU
	EndGlobalSection
	GlobalSection(ProjectConfigurationPlatforms) = postSolution
		{C214D47A-C0EF-47C7-80D5-C4BE9B0F2DBA}.Debug|Any CPU.ActiveCfg = Debug|Any CPU
		{C214D47A-C0EF-47C7-80D5-C4BE9B0F2DBA}.Debug|Any CPU.Build.0 = Debug|Any CPU
		{C214D47A-C0EF-47C7-80D5-C4BE9B0F2DBA}.Release|Any CPU.ActiveCfg = Release|Any CPU
		{C214D47A-C0EF-47C7-80D5-C4BE9B0F2DBA}.Release|Any CPU.Build.0 = Release|Any CPU
	EndGlobalSection
	GlobalSection(SolutionProperties) = preSolution
		HideSolutionNode = FALSE
	EndGlobalSection
	GlobalSection(ExtensibilityGlobals) = postSolution
		SolutionGuid = {402055E4-E96E-4B8B-88B9-D54F99E5C1B4}
	EndGlobalSection
EndGlobal
